
Microsoft Visual Studio Solution File, Format Version 12.00
# Visual Studio Version 16
VisualStudioVersion = 16.0.31911.196
MinimumVisualStudioVersion = 10.0.40219.1
Project("{9A19103F-16F7-4668-BE54-9A1E7A4F7556}") = "Schedule Planner", "Schedule Planner\Schedule Planner.csproj", "{8E1CA082-93F5-49D2-9930-9AB87DC7D668}"
EndProject
Global
	GlobalSection(SolutionConfigurationPlatforms) = preSolution
		Debug|Any CPU = Debug|Any CPU
		Release|Any CPU = Release|Any CPU
	EndGlobalSection
	GlobalSection(ProjectConfigurationPlatforms) = postSolution
		{8E1CA082-93F5-49D2-9930-9AB87DC7D668}.Debug|Any CPU.ActiveCfg = Debug|Any CPU
		{8E1CA082-93F5-49D2-9930-9AB87DC7D668}.Debug|Any CPU.Build.0 = Debug|Any CPU
		{8E1CA082-93F5-49D2-9930-9AB87DC7D668}.Release|Any CPU.ActiveCfg = Release|Any CPU
		{8E1CA082-93F5-49D2-9930-9AB87DC7D668}.Release|Any CPU.Build.0 = Release|Any CPU
	EndGlobalSection
	GlobalSection(SolutionProperties) = preSolution
		HideSolutionNode = FALSE
	EndGlobalSection
	GlobalSection(ExtensibilityGlobals) = postSolution
		SolutionGuid = {9F1BDC2F-3C61-42F4-8242-915F7695E408}
	EndGlobalSection
EndGlobal
